
Microsoft Visual Studio Solution File, Format Version 12.00
# Visual Studio Version 16
VisualStudioVersion = 16.0.31205.134
MinimumVisualStudioVersion = 10.0.40219.1
Project("{FAE04EC0-301F-11D3-BF4B-00C04F79EFBC}") = "HW_sel2", "HW_sel2\HW_sel2.csproj", "{88343FD4-8C30-4CA2-856B-5833EE19F887}"
EndProject
Global
	GlobalSection(SolutionConfigurationPlatforms) = preSolution
		Debug|Any CPU = Debug|Any CPU
		Release|Any CPU = Release|Any CPU
	EndGlobalSection
	GlobalSection(ProjectConfigurationPlatforms) = postSolution
		{88343FD4-8C30-4CA2-856B-5833EE19F887}.Debug|Any CPU.ActiveCfg = Debug|Any CPU
		{88343FD4-8C30-4CA2-856B-5833EE19F887}.Debug|Any CPU.Build.0 = Debug|Any CPU
		{88343FD4-8C30-4CA2-856B-5833EE19F887}.Release|Any CPU.ActiveCfg = Release|Any CPU
		{88343FD4-8C30-4CA2-856B-5833EE19F887}.Release|Any CPU.Build.0 = Release|Any CPU
	EndGlobalSection
	GlobalSection(SolutionProperties) = preSolution
		HideSolutionNode = FALSE
	EndGlobalSection
	GlobalSection(ExtensibilityGlobals) = postSolution
		SolutionGuid = {A1986D6A-549A-48F6-BCC4-22B2D6CFFC1C}
	EndGlobalSection
EndGlobal
